
Microsoft Visual Studio Solution File, Format Version 12.00
# Visual Studio Version 17
VisualStudioVersion = 17.4.33205.214
MinimumVisualStudioVersion = 10.0.40219.1
Project("{FAE04EC0-301F-11D3-BF4B-00C04F79EFBC}") = "RomanNumeric", "RomanNumeric\RomanNumeric.csproj", "{62EED4D0-A80B-4475-A005-D72153107491}"
EndProject
Project("{FAE04EC0-301F-11D3-BF4B-00C04F79EFBC}") = "Demonstration", "Demonstration\Demonstration.csproj", "{74D63149-6CFE-43FD-8E09-A2649D698290}"
EndProject
Global
	GlobalSection(SolutionConfigurationPlatforms) = preSolution
		Debug|Any CPU = Debug|Any CPU
		Release|Any CPU = Release|Any CPU
	EndGlobalSection
	GlobalSection(ProjectConfigurationPlatforms) = postSolution
		{62EED4D0-A80B-4475-A005-D72153107491}.Debug|Any CPU.ActiveCfg = Debug|Any CPU
		{62EED4D0-A80B-4475-A005-D72153107491}.Debug|Any CPU.Build.0 = Debug|Any CPU
		{62EED4D0-A80B-4475-A005-D72153107491}.Release|Any CPU.ActiveCfg = Release|Any CPU
		{62EED4D0-A80B-4475-A005-D72153107491}.Release|Any CPU.Build.0 = Release|Any CPU
		{74D63149-6CFE-43FD-8E09-A2649D698290}.Debug|Any CPU.ActiveCfg = Debug|Any CPU
		{74D63149-6CFE-43FD-8E09-A2649D698290}.Debug|Any CPU.Build.0 = Debug|Any CPU
		{74D63149-6CFE-43FD-8E09-A2649D698290}.Release|Any CPU.ActiveCfg = Release|Any CPU
		{74D63149-6CFE-43FD-8E09-A2649D698290}.Release|Any CPU.Build.0 = Release|Any CPU
	EndGlobalSection
	GlobalSection(SolutionProperties) = preSolution
		HideSolutionNode = FALSE
	EndGlobalSection
	GlobalSection(ExtensibilityGlobals) = postSolution
		SolutionGuid = {37A6234F-F0BC-44FB-8554-434951DBFD9D}
	EndGlobalSection
EndGlobal
